
Microsoft Visual Studio Solution File, Format Version 12.00
# Visual Studio Version 16
VisualStudioVersion = 16.0.31306.274
MinimumVisualStudioVersion = 10.0.40219.1
Project("{F184B08F-C81C-45F6-A57F-5ABD9991F28F}") = "自动搜索下载你的桌面和锁屏原图", "自动搜索下载你的桌面和锁屏原图\自动搜索下载你的桌面和锁屏原图.vbproj", "{01930324-1F23-422B-A7C0-B322AFC57912}"
EndProject
Project("{C7167F0D-BC9F-4E6E-AFE1-012C56B48DB5}") = "自动搜索下载你的二次元桌面和锁屏原图", "自动搜索下载你的二次元桌面和锁屏原图\自动搜索下载你的二次元桌面和锁屏原图.wapproj", "{AE96F416-8010-400E-B5FD-28E6B5FB548C}"
EndProject
Project("{2150E333-8FDC-42A3-9474-1A3956D46DE8}") = "Solution Items", "Solution Items", "{9E214057-162D-4265-BAC7-8FDF2BF39E54}"
	ProjectSection(SolutionItems) = preProject
		.editorconfig = .editorconfig
	EndProjectSection
EndProject
Global
	GlobalSection(SolutionConfigurationPlatforms) = preSolution
		Debug|Any CPU = Debug|Any CPU
		Debug|ARM = Debug|ARM
		Debug|ARM64 = Debug|ARM64
		Debug|x64 = Debug|x64
		Debug|x86 = Debug|x86
		Release|Any CPU = Release|Any CPU
		Release|ARM = Release|ARM
		Release|ARM64 = Release|ARM64
		Release|x64 = Release|x64
		Release|x86 = Release|x86
	EndGlobalSection
	GlobalSection(ProjectConfigurationPlatforms) = postSolution
		{01930324-1F23-422B-A7C0-B322AFC57912}.Debug|Any CPU.ActiveCfg = Debug|Any CPU
		{01930324-1F23-422B-A7C0-B322AFC57912}.Debug|Any CPU.Build.0 = Debug|Any CPU
		{01930324-1F23-422B-A7C0-B322AFC57912}.Debug|ARM.ActiveCfg = Debug|Any CPU
		{01930324-1F23-422B-A7C0-B322AFC57912}.Debug|ARM.Build.0 = Debug|Any CPU
		{01930324-1F23-422B-A7C0-B322AFC57912}.Debug|ARM64.ActiveCfg = Debug|Any CPU
		{01930324-1F23-422B-A7C0-B322AFC57912}.Debug|ARM64.Build.0 = Debug|Any CPU
		{01930324-1F23-422B-A7C0-B322AFC57912}.Debug|x64.ActiveCfg = Debug|Any CPU
		{01930324-1F23-422B-A7C0-B322AFC57912}.Debug|x64.Build.0 = Debug|Any CPU
		{01930324-1F23-422B-A7C0-B322AFC57912}.Debug|x86.ActiveCfg = Debug|Any CPU
		{01930324-1F23-422B-A7C0-B322AFC57912}.Debug|x86.Build.0 = Debug|Any CPU
		{01930324-1F23-422B-A7C0-B322AFC57912}.Release|Any CPU.ActiveCfg = Release|Any CPU
		{01930324-1F23-422B-A7C0-B322AFC57912}.Release|Any CPU.Build.0 = Release|Any CPU
		{01930324-1F23-422B-A7C0-B322AFC57912}.Release|ARM.ActiveCfg = Release|Any CPU
		{01930324-1F23-422B-A7C0-B322AFC57912}.Release|ARM.Build.0 = Release|Any CPU
		{01930324-1F23-422B-A7C0-B322AFC57912}.Release|ARM64.ActiveCfg = Release|Any CPU
		{01930324-1F23-422B-A7C0-B322AFC57912}.Release|ARM64.Build.0 = Release|Any CPU
		{01930324-1F23-422B-A7C0-B322AFC57912}.Release|x64.ActiveCfg = Release|x64
		{01930324-1F23-422B-A7C0-B322AFC57912}.Release|x64.Build.0 = Release|x64
		{01930324-1F23-422B-A7C0-B322AFC57912}.Release|x86.ActiveCfg = Release|Any CPU
		{01930324-1F23-422B-A7C0-B322AFC57912}.Release|x86.Build.0 = Release|Any CPU
		{AE96F416-8010-400E-B5FD-28E6B5FB548C}.Debug|Any CPU.ActiveCfg = Debug|Any CPU
		{AE96F416-8010-400E-B5FD-28E6B5FB548C}.Debug|Any CPU.Build.0 = Debug|Any CPU
		{AE96F416-8010-400E-B5FD-28E6B5FB548C}.Debug|Any CPU.Deploy.0 = Debug|Any CPU
		{AE96F416-8010-400E-B5FD-28E6B5FB548C}.Debug|ARM.ActiveCfg = Debug|ARM
		{AE96F416-8010-400E-B5FD-28E6B5FB548C}.Debug|ARM.Build.0 = Debug|ARM
		{AE96F416-8010-400E-B5FD-28E6B5FB548C}.Debug|ARM.Deploy.0 = Debug|ARM
		{AE96F416-8010-400E-B5FD-28E6B5FB548C}.Debug|ARM64.ActiveCfg = Debug|ARM64
		{AE96F416-8010-400E-B5FD-28E6B5FB548C}.Debug|ARM64.Build.0 = Debug|ARM64
		{AE96F416-8010-400E-B5FD-28E6B5FB548C}.Debug|ARM64.Deploy.0 = Debug|ARM64
		{AE96F416-8010-400E-B5FD-28E6B5FB548C}.Debug|x64.ActiveCfg = Debug|x64
		{AE96F416-8010-400E-B5FD-28E6B5FB548C}.Debug|x64.Build.0 = Debug|x64
		{AE96F416-8010-400E-B5FD-28E6B5FB548C}.Debug|x64.Deploy.0 = Debug|x64
		{AE96F416-8010-400E-B5FD-28E6B5FB548C}.Debug|x86.ActiveCfg = Debug|x86
		{AE96F416-8010-400E-B5FD-28E6B5FB548C}.Debug|x86.Build.0 = Debug|x86
		{AE96F416-8010-400E-B5FD-28E6B5FB548C}.Debug|x86.Deploy.0 = Debug|x86
		{AE96F416-8010-400E-B5FD-28E6B5FB548C}.Release|Any CPU.ActiveCfg = Release|Any CPU
		{AE96F416-8010-400E-B5FD-28E6B5FB548C}.Release|Any CPU.Build.0 = Release|Any CPU
		{AE96F416-8010-400E-B5FD-28E6B5FB548C}.Release|Any CPU.Deploy.0 = Release|Any CPU
		{AE96F416-8010-400E-B5FD-28E6B5FB548C}.Release|ARM.ActiveCfg = Release|ARM
		{AE96F416-8010-400E-B5FD-28E6B5FB548C}.Release|ARM.Build.0 = Release|ARM
		{AE96F416-8010-400E-B5FD-28E6B5FB548C}.Release|ARM.Deploy.0 = Release|ARM
		{AE96F416-8010-400E-B5FD-28E6B5FB548C}.Release|ARM64.ActiveCfg = Release|ARM64
		{AE96F416-8010-400E-B5FD-28E6B5FB548C}.Release|ARM64.Build.0 = Release|ARM64
		{AE96F416-8010-400E-B5FD-28E6B5FB548C}.Release|ARM64.Deploy.0 = Release|ARM64
		{AE96F416-8010-400E-B5FD-28E6B5FB548C}.Release|x64.ActiveCfg = Release|x64
		{AE96F416-8010-400E-B5FD-28E6B5FB548C}.Release|x64.Build.0 = Release|x64
		{AE96F416-8010-400E-B5FD-28E6B5FB548C}.Release|x64.Deploy.0 = Release|x64
		{AE96F416-8010-400E-B5FD-28E6B5FB548C}.Release|x86.ActiveCfg = Release|x86
		{AE96F416-8010-400E-B5FD-28E6B5FB548C}.Release|x86.Build.0 = Release|x86
		{AE96F416-8010-400E-B5FD-28E6B5FB548C}.Release|x86.Deploy.0 = Release|x86
	EndGlobalSection
	GlobalSection(SolutionProperties) = preSolution
		HideSolutionNode = FALSE
	EndGlobalSection
	GlobalSection(ExtensibilityGlobals) = postSolution
		SolutionGuid = {AED90330-2E06-4482-BCFE-74224721213B}
	EndGlobalSection
EndGlobal
